
Microsoft Visual Studio Solution File, Format Version 12.00
# Visual Studio Version 17
VisualStudioVersion = 17.6.33829.357
MinimumVisualStudioVersion = 10.0.40219.1
Project("{FAE04EC0-301F-11D3-BF4B-00C04F79EFBC}") = "GenericBase_API", "GenericBase_API.csproj", "{71EAA17A-056C-4806-8D70-AA9BE19FC965}"
EndProject
Project("{FAE04EC0-301F-11D3-BF4B-00C04F79EFBC}") = "Business.Layer.Access", "..\Business.Layer.Access\Business.Layer.Access.csproj", "{94310005-BB3F-4E7E-AD4C-0FD33816E9C7}"
EndProject
Project("{FAE04EC0-301F-11D3-BF4B-00C04F79EFBC}") = "Data.Layer.Access", "..\Data.Layer.Access\Data.Layer.Access.csproj", "{B2F52F8B-1C74-43AD-8928-5BD155C31180}"
EndProject
Global
	GlobalSection(SolutionConfigurationPlatforms) = preSolution
		Debug|Any CPU = Debug|Any CPU
		Release|Any CPU = Release|Any CPU
	EndGlobalSection
	GlobalSection(ProjectConfigurationPlatforms) = postSolution
		{71EAA17A-056C-4806-8D70-AA9BE19FC965}.Debug|Any CPU.ActiveCfg = Debug|Any CPU
		{71EAA17A-056C-4806-8D70-AA9BE19FC965}.Debug|Any CPU.Build.0 = Debug|Any CPU
		{71EAA17A-056C-4806-8D70-AA9BE19FC965}.Release|Any CPU.ActiveCfg = Release|Any CPU
		{71EAA17A-056C-4806-8D70-AA9BE19FC965}.Release|Any CPU.Build.0 = Release|Any CPU
		{94310005-BB3F-4E7E-AD4C-0FD33816E9C7}.Debug|Any CPU.ActiveCfg = Debug|Any CPU
		{94310005-BB3F-4E7E-AD4C-0FD33816E9C7}.Debug|Any CPU.Build.0 = Debug|Any CPU
		{94310005-BB3F-4E7E-AD4C-0FD33816E9C7}.Release|Any CPU.ActiveCfg = Release|Any CPU
		{94310005-BB3F-4E7E-AD4C-0FD33816E9C7}.Release|Any CPU.Build.0 = Release|Any CPU
		{B2F52F8B-1C74-43AD-8928-5BD155C31180}.Debug|Any CPU.ActiveCfg = Debug|Any CPU
		{B2F52F8B-1C74-43AD-8928-5BD155C31180}.Debug|Any CPU.Build.0 = Debug|Any CPU
		{B2F52F8B-1C74-43AD-8928-5BD155C31180}.Release|Any CPU.ActiveCfg = Release|Any CPU
		{B2F52F8B-1C74-43AD-8928-5BD155C31180}.Release|Any CPU.Build.0 = Release|Any CPU
	EndGlobalSection
	GlobalSection(SolutionProperties) = preSolution
		HideSolutionNode = FALSE
	EndGlobalSection
	GlobalSection(ExtensibilityGlobals) = postSolution
		SolutionGuid = {5440E0DC-A5AE-4472-BF01-D240C65853C9}
	EndGlobalSection
EndGlobal
